{
  "name": "native-proxy-agent",
  "version": "1.0.0-alpha.0",
  "lockfileVersion": 1,
  "requires": true,
  "dependencies": {
    "@sindresorhus/is": {
      "version": "0.12.0",
      "resolved": "https://axags.jfrog.io/axags/api/npm/virtual-bcn-node/@sindresorhus/is/-/is-0.12.0.tgz",
      "integrity": "sha1-VcN0CcgJ6ALv6iWRGleXMa38bgc=",
      "dev": true,
      "requires": {
        "symbol-observable": "^1.2.0"
      }
    },
    "@szmarczak/http-timer": {
      "version": "1.1.1",
      "resolved": "https://axags.jfrog.io/axags/api/npm/virtual-bcn-node/@szmarczak/http-timer/-/http-timer-1.1.1.tgz",
      "integrity": "sha1-ZAIljf5GdTKyZknvB2tNEfdPthI=",
      "dev": true,
      "requires": {
        "defer-to-connect": "^1.0.1"
      }
    },
    "cacheable-request": {
      "version": "5.2.0",
      "resolved": "https://axags.jfrog.io/axags/api/npm/virtual-bcn-node/cacheable-request/-/cacheable-request-5.2.0.tgz",
      "integrity": "sha1-AMhwl4Na9Mr5Kpc5BmDsrc5RGH0=",
      "dev": true,
      "requires": {
        "clone-response": "^1.0.2",
        "get-stream": "^4.0.0",
        "http-cache-semantics": "^4.0.0",
        "keyv": "^3.0.0",
        "lowercase-keys": "^1.0.1",
        "normalize-url": "^3.1.0",
        "responselike": "^1.0.2"
      }
    },
    "clone-response": {
      "version": "1.0.2",
      "resolved": "https://axags.jfrog.io/axags/api/npm/virtual-bcn-node/clone-response/-/clone-response-1.0.2.tgz",
      "integrity": "sha1-0dyXOSAxTfZ/vrlCI7TuNQI56Ws=",
      "dev": true,
      "requires": {
        "mimic-response": "^1.0.0"
      }
    },
    "decompress-response": {
      "version": "3.3.0",
      "resolved": "https://axags.jfrog.io/axags/api/npm/virtual-bcn-node/decompress-response/-/decompress-response-3.3.0.tgz",
      "integrity": "sha1-gKTdMjdIOEv6JICDYirt7Jgq3/M=",
      "dev": true,
      "requires": {
        "mimic-response": "^1.0.0"
      }
    },
    "defer-to-connect": {
      "version": "1.0.1",
      "resolved": "https://axags.jfrog.io/axags/api/npm/virtual-bcn-node/defer-to-connect/-/defer-to-connect-1.0.1.tgz",
      "integrity": "sha1-Qewd1nDcTG3L5+VMnkTXhNAl/mM=",
      "dev": true
    },
    "duplexer3": {
      "version": "0.1.4",
      "resolved": "https://axags.jfrog.io/axags/api/npm/virtual-bcn-node/duplexer3/-/duplexer3-0.1.4.tgz",
      "integrity": "sha1-7gHdHKwO08vH/b6jfcCo8c4ALOI=",
      "dev": true
    },
    "end-of-stream": {
      "version": "1.4.1",
      "resolved": "https://axags.jfrog.io/axags/api/npm/virtual-bcn-node/end-of-stream/-/end-of-stream-1.4.1.tgz",
      "integrity": "sha1-7SljTRm6ukY7bOa4CjchPqtx7EM=",
      "dev": true,
      "requires": {
        "once": "^1.4.0"
      }
    },
    "get-stream": {
      "version": "4.1.0",
      "resolved": "https://axags.jfrog.io/axags/api/npm/virtual-bcn-node/get-stream/-/get-stream-4.1.0.tgz",
      "integrity": "sha1-wbJVV189wh1Zv8ec09K0axw6VLU=",
      "dev": true,
      "requires": {
        "pump": "^3.0.0"
      }
    },
    "got": {
      "version": "9.4.0",
      "resolved": "https://axags.jfrog.io/axags/api/npm/virtual-bcn-node/got/-/got-9.4.0.tgz",
      "integrity": "sha1-O1KlQwZRSwQEuGnhulcrWUdy8rE=",
      "dev": true,
      "requires": {
        "@sindresorhus/is": "^0.12.0",
        "@szmarczak/http-timer": "^1.1.0",
        "cacheable-request": "^5.1.0",
        "decompress-response": "^3.3.0",
        "duplexer3": "^0.1.4",
        "get-stream": "^4.1.0",
        "lowercase-keys": "^1.0.1",
        "mimic-response": "^1.0.1",
        "p-cancelable": "^1.0.0",
        "to-readable-stream": "^1.0.0",
        "url-parse-lax": "^3.0.0"
      }
    },
    "http-cache-semantics": {
      "version": "4.0.1",
      "resolved": "https://axags.jfrog.io/axags/api/npm/virtual-bcn-node/http-cache-semantics/-/http-cache-semantics-4.0.1.tgz",
      "integrity": "sha1-bC71fiIJCxd4KHCKUurq6dHWPhs=",
      "dev": true
    },
    "json-buffer": {
      "version": "3.0.0",
      "resolved": "https://axags.jfrog.io/axags/api/npm/virtual-bcn-node/json-buffer/-/json-buffer-3.0.0.tgz",
      "integrity": "sha1-Wx85evx11ne96Lz8Dkfh+aPZqJg=",
      "dev": true
    },
    "keyv": {
      "version": "3.1.0",
      "resolved": "https://axags.jfrog.io/axags/api/npm/virtual-bcn-node/keyv/-/keyv-3.1.0.tgz",
      "integrity": "sha1-7MIoSG9pmR5J6UdkhaW+Ho/FxNk=",
      "dev": true,
      "requires": {
        "json-buffer": "3.0.0"
      }
    },
    "lowercase-keys": {
      "version": "1.0.1",
      "resolved": "https://axags.jfrog.io/axags/api/npm/virtual-bcn-node/lowercase-keys/-/lowercase-keys-1.0.1.tgz",
      "integrity": "sha1-b54wtHCE2XGnyCD/FabFFnt0wm8=",
      "dev": true
    },
    "mimic-response": {
      "version": "1.0.1",
      "resolved": "https://axags.jfrog.io/axags/api/npm/virtual-bcn-node/mimic-response/-/mimic-response-1.0.1.tgz",
      "integrity": "sha1-SSNTiHju9CBjy4o+OweYeBSHqxs=",
      "dev": true
    },
    "normalize-url": {
      "version": "3.3.0",
      "resolved": "https://axags.jfrog.io/axags/api/npm/virtual-bcn-node/normalize-url/-/normalize-url-3.3.0.tgz",
      "integrity": "sha1-suHE3E98bVd0PfczpPWXjRhlBVk=",
      "dev": true
    },
    "once": {
      "version": "1.4.0",
      "resolved": "https://axags.jfrog.io/axags/api/npm/virtual-bcn-node/once/-/once-1.4.0.tgz",
      "integrity": "sha1-WDsap3WWHUsROsF9nFC6753Xa9E=",
      "dev": true,
      "requires": {
        "wrappy": "1"
      }
    },
    "p-cancelable": {
      "version": "1.0.0",
      "resolved": "https://axags.jfrog.io/axags/api/npm/virtual-bcn-node/p-cancelable/-/p-cancelable-1.0.0.tgz",
      "integrity": "sha1-B+nG0iwx+cZ4TLTx4UVKebbZ4tY=",
      "dev": true
    },
    "prepend-http": {
      "version": "2.0.0",
      "resolved": "https://axags.jfrog.io/axags/api/npm/virtual-bcn-node/prepend-http/-/prepend-http-2.0.0.tgz",
      "integrity": "sha1-6SQ0v6XqjBn0HN/UAddBo8gZ2Jc=",
      "dev": true
    },
    "pump": {
      "version": "3.0.0",
      "resolved": "https://axags.jfrog.io/axags/api/npm/virtual-bcn-node/pump/-/pump-3.0.0.tgz",
      "integrity": "sha1-tKIRaBW94vTh6mAjVOjHVWUQemQ=",
      "dev": true,
      "requires": {
        "end-of-stream": "^1.1.0",
        "once": "^1.3.1"
      }
    },
    "responselike": {
      "version": "1.0.2",
      "resolved": "https://axags.jfrog.io/axags/api/npm/virtual-bcn-node/responselike/-/responselike-1.0.2.tgz",
      "integrity": "sha1-kYcg7ztjHFZCvgaPFa3lpG9Loec=",
      "dev": true,
      "requires": {
        "lowercase-keys": "^1.0.0"
      }
    },
    "symbol-observable": {
      "version": "1.2.0",
      "resolved": "https://axags.jfrog.io/axags/api/npm/virtual-bcn-node/symbol-observable/-/symbol-observable-1.2.0.tgz",
      "integrity": "sha1-wiaIrtTqs83C3+rLtWFmBWCgCAQ=",
      "dev": true
    },
    "to-readable-stream": {
      "version": "1.0.0",
      "resolved": "https://axags.jfrog.io/axags/api/npm/virtual-bcn-node/to-readable-stream/-/to-readable-stream-1.0.0.tgz",
      "integrity": "sha1-zgqgwvPfat+FLvtASng+d8BHV3E=",
      "dev": true
    },
    "url-parse-lax": {
      "version": "3.0.0",
      "resolved": "https://axags.jfrog.io/axags/api/npm/virtual-bcn-node/url-parse-lax/-/url-parse-lax-3.0.0.tgz",
      "integrity": "sha1-FrXK/Afb42dsGxmZF3gj1lA6yww=",
      "dev": true,
      "requires": {
        "prepend-http": "^2.0.0"
      }
    },
    "wrappy": {
      "version": "1.0.2",
      "resolved": "https://axags.jfrog.io/axags/api/npm/virtual-bcn-node/wrappy/-/wrappy-1.0.2.tgz",
      "integrity": "sha1-tSQ9jz7BqjXxNkYFvA0QNuMKtp8=",
      "dev": true
    }
  }
}
