{
	"name": "bautajs",
	"version": "1.0.0",
	"lockfileVersion": 1,
	"requires": true,
	"dependencies": {
		"@sindresorhus/is": {
			"version": "0.14.0",
			"resolved": "https://axags.jfrog.io/axags/api/npm/virtual-bcn-node/@sindresorhus/is/-/is-0.14.0.tgz",
			"integrity": "sha1-n7OjzzEyMoFR81PeRjLgHlIQK+o="
		},
		"@szmarczak/http-timer": {
			"version": "1.1.2",
			"resolved": "https://axags.jfrog.io/axags/api/npm/virtual-bcn-node/@szmarczak/http-timer/-/http-timer-1.1.2.tgz",
			"integrity": "sha1-sWZeLEYaLNkvTBu/UNVFTeDUtCE=",
			"requires": {
				"defer-to-connect": "^1.0.1"
			}
		},
		"ajv": {
			"version": "6.9.1",
			"resolved": "https://axags.jfrog.io/axags/api/npm/virtual-bcn-node/ajv/-/ajv-6.9.1.tgz",
			"integrity": "sha1-pNNoPXSrxWcOdfCxZSD3CiDqjcE=",
			"requires": {
				"fast-deep-equal": "^2.0.1",
				"fast-json-stable-stringify": "^2.0.0",
				"json-schema-traverse": "^0.4.1",
				"uri-js": "^4.2.2"
			}
		},
		"ansi-styles": {
			"version": "3.2.1",
			"resolved": "https://axags.jfrog.io/axags/api/npm/virtual-bcn-node/ansi-styles/-/ansi-styles-3.2.1.tgz",
			"integrity": "sha1-QfuyAkPlCxK+DwS43tvwdSDOhB0=",
			"requires": {
				"color-convert": "^1.9.0"
			}
		},
		"arr-union": {
			"version": "3.1.0",
			"resolved": "https://axags.jfrog.io/axags/api/npm/virtual-bcn-node/arr-union/-/arr-union-3.1.0.tgz",
			"integrity": "sha1-45sJrqne+Gao8gbiiK9jkZuuOcQ="
		},
		"balanced-match": {
			"version": "1.0.0",
			"resolved": "https://axags.jfrog.io/axags/api/npm/virtual-bcn-node/balanced-match/-/balanced-match-1.0.0.tgz",
			"integrity": "sha1-ibTRmasr7kneFk6gK4nORi1xt2c="
		},
		"brace-expansion": {
			"version": "1.1.11",
			"resolved": "https://axags.jfrog.io/axags/api/npm/virtual-bcn-node/brace-expansion/-/brace-expansion-1.1.11.tgz",
			"integrity": "sha1-PH/L9SnYcibz0vUrlm/1Jx60Qd0=",
			"requires": {
				"balanced-match": "^1.0.0",
				"concat-map": "0.0.1"
			}
		},
		"cacheable-request": {
			"version": "6.0.0",
			"resolved": "https://axags.jfrog.io/axags/api/npm/virtual-bcn-node/cacheable-request/-/cacheable-request-6.0.0.tgz",
			"integrity": "sha1-ShcnQU4CrEr4JWDE2hth2qP6K2M=",
			"requires": {
				"clone-response": "^1.0.2",
				"get-stream": "^4.0.0",
				"http-cache-semantics": "^4.0.0",
				"keyv": "^3.0.0",
				"lowercase-keys": "^1.0.1",
				"normalize-url": "^3.1.0",
				"responselike": "^1.0.2"
			}
		},
		"chalk": {
			"version": "2.4.1",
			"resolved": "https://axags.jfrog.io/axags/api/npm/virtual-bcn-node/chalk/-/chalk-2.4.1.tgz",
			"integrity": "sha1-GMSasWoDe26wFSzIPjRxM4IVtm4=",
			"requires": {
				"ansi-styles": "^3.2.1",
				"escape-string-regexp": "^1.0.5",
				"supports-color": "^5.3.0"
			}
		},
		"clone-deep": {
			"version": "0.2.4",
			"resolved": "https://axags.jfrog.io/axags/api/npm/virtual-bcn-node/clone-deep/-/clone-deep-0.2.4.tgz",
			"integrity": "sha1-TnPdCen7lxzDhnDF3O2cGJZIHMY=",
			"requires": {
				"for-own": "^0.1.3",
				"is-plain-object": "^2.0.1",
				"kind-of": "^3.0.2",
				"lazy-cache": "^1.0.3",
				"shallow-clone": "^0.1.2"
			}
		},
		"clone-response": {
			"version": "1.0.2",
			"resolved": "https://axags.jfrog.io/axags/api/npm/virtual-bcn-node/clone-response/-/clone-response-1.0.2.tgz",
			"integrity": "sha1-0dyXOSAxTfZ/vrlCI7TuNQI56Ws=",
			"requires": {
				"mimic-response": "^1.0.0"
			}
		},
		"color-convert": {
			"version": "1.9.3",
			"resolved": "https://axags.jfrog.io/axags/api/npm/virtual-bcn-node/color-convert/-/color-convert-1.9.3.tgz",
			"integrity": "sha1-u3GFBpDh8TZWfeYp0tVHHe2kweg=",
			"requires": {
				"color-name": "1.1.3"
			}
		},
		"color-name": {
			"version": "1.1.3",
			"resolved": "https://axags.jfrog.io/axags/api/npm/virtual-bcn-node/color-name/-/color-name-1.1.3.tgz",
			"integrity": "sha1-p9BVi9icQveV3UIyj3QIMcpTvCU="
		},
		"concat-map": {
			"version": "0.0.1",
			"resolved": "https://axags.jfrog.io/axags/api/npm/virtual-bcn-node/concat-map/-/concat-map-0.0.1.tgz",
			"integrity": "sha1-2Klr13/Wjfd5OnMDajug1UBdR3s="
		},
		"content-type": {
			"version": "1.0.4",
			"resolved": "https://axags.jfrog.io/axags/api/npm/virtual-bcn-node/content-type/-/content-type-1.0.4.tgz",
			"integrity": "sha1-4TjMdeBAxyexlm/l5fjJruJW/js="
		},
		"debug": {
			"version": "4.1.1",
			"resolved": "https://axags.jfrog.io/axags/api/npm/virtual-bcn-node/debug/-/debug-4.1.1.tgz",
			"integrity": "sha1-O3ImAlUQnGtYnO4FDx1RYTlmR5E=",
			"requires": {
				"ms": "^2.1.1"
			}
		},
		"decompress-response": {
			"version": "3.3.0",
			"resolved": "https://axags.jfrog.io/axags/api/npm/virtual-bcn-node/decompress-response/-/decompress-response-3.3.0.tgz",
			"integrity": "sha1-gKTdMjdIOEv6JICDYirt7Jgq3/M=",
			"requires": {
				"mimic-response": "^1.0.0"
			}
		},
		"defer-to-connect": {
			"version": "1.0.2",
			"resolved": "https://axags.jfrog.io/axags/api/npm/virtual-bcn-node/defer-to-connect/-/defer-to-connect-1.0.2.tgz",
			"integrity": "sha1-S651ijFLA0rjOQK1qsJajdaoYz4="
		},
		"duplexer3": {
			"version": "0.1.4",
			"resolved": "https://axags.jfrog.io/axags/api/npm/virtual-bcn-node/duplexer3/-/duplexer3-0.1.4.tgz",
			"integrity": "sha1-7gHdHKwO08vH/b6jfcCo8c4ALOI="
		},
		"end-of-stream": {
			"version": "1.4.1",
			"resolved": "https://axags.jfrog.io/axags/api/npm/virtual-bcn-node/end-of-stream/-/end-of-stream-1.4.1.tgz",
			"integrity": "sha1-7SljTRm6ukY7bOa4CjchPqtx7EM=",
			"requires": {
				"once": "^1.4.0"
			}
		},
		"escape-string-regexp": {
			"version": "1.0.5",
			"resolved": "https://axags.jfrog.io/axags/api/npm/virtual-bcn-node/escape-string-regexp/-/escape-string-regexp-1.0.5.tgz",
			"integrity": "sha1-G2HAViGQqN/2rjuyzwIAyhMLhtQ="
		},
		"fast-deep-equal": {
			"version": "2.0.1",
			"resolved": "https://axags.jfrog.io/axags/api/npm/virtual-bcn-node/fast-deep-equal/-/fast-deep-equal-2.0.1.tgz",
			"integrity": "sha1-ewUhjd+WZ79/Nwv3/bLLFf3Qqkk="
		},
		"fast-json-stable-stringify": {
			"version": "2.0.0",
			"resolved": "https://axags.jfrog.io/axags/api/npm/virtual-bcn-node/fast-json-stable-stringify/-/fast-json-stable-stringify-2.0.0.tgz",
			"integrity": "sha1-1RQsDK7msRifh9OnYREGT4bIu/I="
		},
		"fast-safe-stringify": {
			"version": "2.0.6",
			"resolved": "https://axags.jfrog.io/axags/api/npm/virtual-bcn-node/fast-safe-stringify/-/fast-safe-stringify-2.0.6.tgz",
			"integrity": "sha1-BLJhBsxWaB9RoETPwNds8ACKwsI="
		},
		"for-in": {
			"version": "1.0.2",
			"resolved": "https://axags.jfrog.io/axags/api/npm/virtual-bcn-node/for-in/-/for-in-1.0.2.tgz",
			"integrity": "sha1-gQaNKVqBQuwKxybG4iAMMPttXoA="
		},
		"for-own": {
			"version": "0.1.5",
			"resolved": "https://axags.jfrog.io/axags/api/npm/virtual-bcn-node/for-own/-/for-own-0.1.5.tgz",
			"integrity": "sha1-UmXGgaTylNq78XyVCbZ2OqhFEM4=",
			"requires": {
				"for-in": "^1.0.1"
			}
		},
		"fs.realpath": {
			"version": "1.0.0",
			"resolved": "https://axags.jfrog.io/axags/api/npm/virtual-bcn-node/fs.realpath/-/fs.realpath-1.0.0.tgz",
			"integrity": "sha1-FQStJSMVjKpA20onh8sBQRmU6k8="
		},
		"get-stream": {
			"version": "4.1.0",
			"resolved": "https://axags.jfrog.io/axags/api/npm/virtual-bcn-node/get-stream/-/get-stream-4.1.0.tgz",
			"integrity": "sha1-wbJVV189wh1Zv8ec09K0axw6VLU=",
			"requires": {
				"pump": "^3.0.0"
			}
		},
		"glob": {
			"version": "7.1.3",
			"resolved": "https://axags.jfrog.io/axags/api/npm/virtual-bcn-node/glob/-/glob-7.1.3.tgz",
			"integrity": "sha1-OWCDLT8VdBCDQtr9OmezMsCWnfE=",
			"requires": {
				"fs.realpath": "^1.0.0",
				"inflight": "^1.0.4",
				"inherits": "2",
				"minimatch": "^3.0.4",
				"once": "^1.3.0",
				"path-is-absolute": "^1.0.0"
			}
		},
		"got": {
			"version": "9.6.0",
			"resolved": "https://axags.jfrog.io/axags/api/npm/virtual-bcn-node/got/-/got-9.6.0.tgz",
			"integrity": "sha1-7fRefWf5lUVwXeH3u+7rEhdl7YU=",
			"requires": {
				"@sindresorhus/is": "^0.14.0",
				"@szmarczak/http-timer": "^1.1.2",
				"cacheable-request": "^6.0.0",
				"decompress-response": "^3.3.0",
				"duplexer3": "^0.1.4",
				"get-stream": "^4.1.0",
				"lowercase-keys": "^1.0.1",
				"mimic-response": "^1.0.1",
				"p-cancelable": "^1.0.0",
				"to-readable-stream": "^1.0.0",
				"url-parse-lax": "^3.0.0"
			}
		},
		"has-flag": {
			"version": "3.0.0",
			"resolved": "https://axags.jfrog.io/axags/api/npm/virtual-bcn-node/has-flag/-/has-flag-3.0.0.tgz",
			"integrity": "sha1-tdRU3CGZriJWmfNGfloH87lVuv0="
		},
		"http-cache-semantics": {
			"version": "4.0.3",
			"resolved": "https://axags.jfrog.io/axags/api/npm/virtual-bcn-node/http-cache-semantics/-/http-cache-semantics-4.0.3.tgz",
			"integrity": "sha1-SVcEdzJ37u9uQ/mrLCx9JZ3aJcU="
		},
		"inflight": {
			"version": "1.0.6",
			"resolved": "https://axags.jfrog.io/axags/api/npm/virtual-bcn-node/inflight/-/inflight-1.0.6.tgz",
			"integrity": "sha1-Sb1jMdfQLQwJvJEKEHW6gWW1bfk=",
			"requires": {
				"once": "^1.3.0",
				"wrappy": "1"
			}
		},
		"inherits": {
			"version": "2.0.3",
			"resolved": "https://axags.jfrog.io/axags/api/npm/virtual-bcn-node/inherits/-/inherits-2.0.3.tgz",
			"integrity": "sha1-Yzwsg+PaQqUC9SRmAiSA9CCCYd4="
		},
		"is-buffer": {
			"version": "1.1.6",
			"resolved": "https://axags.jfrog.io/axags/api/npm/virtual-bcn-node/is-buffer/-/is-buffer-1.1.6.tgz",
			"integrity": "sha1-76ouqdqg16suoTqXsritUf776L4="
		},
		"is-extendable": {
			"version": "0.1.1",
			"resolved": "https://axags.jfrog.io/axags/api/npm/virtual-bcn-node/is-extendable/-/is-extendable-0.1.1.tgz",
			"integrity": "sha1-YrEQ4omkcUGOPsNqYX1HLjAd/Ik="
		},
		"is-plain-object": {
			"version": "2.0.4",
			"resolved": "https://axags.jfrog.io/axags/api/npm/virtual-bcn-node/is-plain-object/-/is-plain-object-2.0.4.tgz",
			"integrity": "sha1-LBY7P6+xtgbZ0Xko8FwqHDjgdnc=",
			"requires": {
				"isobject": "^3.0.1"
			}
		},
		"isobject": {
			"version": "3.0.1",
			"resolved": "https://axags.jfrog.io/axags/api/npm/virtual-bcn-node/isobject/-/isobject-3.0.1.tgz",
			"integrity": "sha1-TkMekrEalzFjaqH5yNHMvP2reN8="
		},
		"json-buffer": {
			"version": "3.0.0",
			"resolved": "https://axags.jfrog.io/axags/api/npm/virtual-bcn-node/json-buffer/-/json-buffer-3.0.0.tgz",
			"integrity": "sha1-Wx85evx11ne96Lz8Dkfh+aPZqJg="
		},
		"json-schema-traverse": {
			"version": "0.4.1",
			"resolved": "https://axags.jfrog.io/axags/api/npm/virtual-bcn-node/json-schema-traverse/-/json-schema-traverse-0.4.1.tgz",
			"integrity": "sha1-afaofZUTq4u4/mO9sJecRI5oRmA="
		},
		"keyv": {
			"version": "3.1.0",
			"resolved": "https://axags.jfrog.io/axags/api/npm/virtual-bcn-node/keyv/-/keyv-3.1.0.tgz",
			"integrity": "sha1-7MIoSG9pmR5J6UdkhaW+Ho/FxNk=",
			"requires": {
				"json-buffer": "3.0.0"
			}
		},
		"kind-of": {
			"version": "3.2.2",
			"resolved": "https://axags.jfrog.io/axags/api/npm/virtual-bcn-node/kind-of/-/kind-of-3.2.2.tgz",
			"integrity": "sha1-MeohpzS6ubuw8yRm2JOupR5KPGQ=",
			"requires": {
				"is-buffer": "^1.1.5"
			}
		},
		"lazy-cache": {
			"version": "1.0.4",
			"resolved": "https://axags.jfrog.io/axags/api/npm/virtual-bcn-node/lazy-cache/-/lazy-cache-1.0.4.tgz",
			"integrity": "sha1-odePw6UEdMuAhF07O24dpJpEbo4="
		},
		"lodash.merge": {
			"version": "4.6.1",
			"resolved": "https://axags.jfrog.io/axags/api/npm/virtual-bcn-node/lodash.merge/-/lodash.merge-4.6.1.tgz",
			"integrity": "sha1-rcJdnLmbk5HFliTzefu6YNcRHVQ="
		},
		"loopback-filters": {
			"version": "1.0.0",
			"resolved": "https://axags.jfrog.io/axags/api/npm/virtual-bcn-node/loopback-filters/-/loopback-filters-1.0.0.tgz",
			"integrity": "sha1-Q76vshV+9VDVFYKiWX/xfBZJhjQ=",
			"requires": {
				"debug": "^3.1.0"
			},
			"dependencies": {
				"debug": {
					"version": "3.2.6",
					"resolved": "https://axags.jfrog.io/axags/api/npm/virtual-bcn-node/debug/-/debug-3.2.6.tgz",
					"integrity": "sha1-6D0X3hbYp++3cX7b5fsQE17uYps=",
					"requires": {
						"ms": "^2.1.1"
					}
				}
			}
		},
		"lowercase-keys": {
			"version": "1.0.1",
			"resolved": "https://axags.jfrog.io/axags/api/npm/virtual-bcn-node/lowercase-keys/-/lowercase-keys-1.0.1.tgz",
			"integrity": "sha1-b54wtHCE2XGnyCD/FabFFnt0wm8="
		},
		"merge-deep": {
			"version": "3.0.2",
			"resolved": "https://axags.jfrog.io/axags/api/npm/virtual-bcn-node/merge-deep/-/merge-deep-3.0.2.tgz",
			"integrity": "sha1-85+hAKTxvTT/KffSv0UI+7jYOtI=",
			"requires": {
				"arr-union": "^3.1.0",
				"clone-deep": "^0.2.4",
				"kind-of": "^3.0.2"
			}
		},
		"mimic-response": {
			"version": "1.0.1",
			"resolved": "https://axags.jfrog.io/axags/api/npm/virtual-bcn-node/mimic-response/-/mimic-response-1.0.1.tgz",
			"integrity": "sha1-SSNTiHju9CBjy4o+OweYeBSHqxs="
		},
		"minimatch": {
			"version": "3.0.4",
			"resolved": "https://axags.jfrog.io/axags/api/npm/virtual-bcn-node/minimatch/-/minimatch-3.0.4.tgz",
			"integrity": "sha1-UWbihkV/AzBgZL5Ul+jbsMPTIIM=",
			"requires": {
				"brace-expansion": "^1.1.7"
			}
		},
		"mixin-object": {
			"version": "2.0.1",
			"resolved": "https://axags.jfrog.io/axags/api/npm/virtual-bcn-node/mixin-object/-/mixin-object-2.0.1.tgz",
			"integrity": "sha1-T7lJRB2rGCVA8f4DW6YOGUel5X4=",
			"requires": {
				"for-in": "^0.1.3",
				"is-extendable": "^0.1.1"
			},
			"dependencies": {
				"for-in": {
					"version": "0.1.8",
					"resolved": "https://axags.jfrog.io/axags/api/npm/virtual-bcn-node/for-in/-/for-in-0.1.8.tgz",
					"integrity": "sha1-2Hc5COMSVhCZUrH9ubP6hn0ndeE="
				}
			}
		},
		"ms": {
			"version": "2.1.1",
			"resolved": "https://axags.jfrog.io/axags/api/npm/virtual-bcn-node/ms/-/ms-2.1.1.tgz",
			"integrity": "sha1-MKWGTrPrsKZvLr5tcnrwagnYbgo="
		},
		"normalize-url": {
			"version": "3.3.0",
			"resolved": "https://axags.jfrog.io/axags/api/npm/virtual-bcn-node/normalize-url/-/normalize-url-3.3.0.tgz",
			"integrity": "sha1-suHE3E98bVd0PfczpPWXjRhlBVk="
		},
		"once": {
			"version": "1.4.0",
			"resolved": "https://axags.jfrog.io/axags/api/npm/virtual-bcn-node/once/-/once-1.4.0.tgz",
			"integrity": "sha1-WDsap3WWHUsROsF9nFC6753Xa9E=",
			"requires": {
				"wrappy": "1"
			}
		},
		"openapi-default-setter": {
			"version": "2.0.3",
			"resolved": "https://axags.jfrog.io/axags/api/npm/virtual-bcn-node/openapi-default-setter/-/openapi-default-setter-2.0.3.tgz",
			"integrity": "sha1-ij8mdCGA0vFss4A2Xv3H9TZuQUM=",
			"requires": {
				"openapi-types": "^1.3.1"
			}
		},
		"openapi-jsonschema-parameters": {
			"version": "1.1.0",
			"resolved": "https://axags.jfrog.io/axags/api/npm/virtual-bcn-node/openapi-jsonschema-parameters/-/openapi-jsonschema-parameters-1.1.0.tgz",
			"integrity": "sha1-8jIqrDM9zZgyHg45aV56cBmjtoU=",
			"requires": {
				"openapi-types": "^1.3.1"
			}
		},
		"openapi-request-validator": {
			"version": "3.5.0",
			"resolved": "https://axags.jfrog.io/axags/api/npm/virtual-bcn-node/openapi-request-validator/-/openapi-request-validator-3.5.0.tgz",
			"integrity": "sha1-3sePKaQrfwBq5aLB4xzvFZGV5GE=",
			"requires": {
				"ajv": "^6.5.4",
				"content-type": "^1.0.4",
				"openapi-jsonschema-parameters": "1.1.0",
				"openapi-types": "^1.3.1"
			}
		},
		"openapi-response-validator": {
			"version": "3.6.0",
			"resolved": "https://axags.jfrog.io/axags/api/npm/virtual-bcn-node/openapi-response-validator/-/openapi-response-validator-3.6.0.tgz",
			"integrity": "sha1-y1a3E0A0uqs4q08ytIyGttHhYFQ=",
			"requires": {
				"ajv": "^6.5.4",
				"openapi-types": "^1.3.1"
			}
		},
		"openapi-schema-validator": {
			"version": "3.0.2",
			"resolved": "https://axags.jfrog.io/axags/api/npm/virtual-bcn-node/openapi-schema-validator/-/openapi-schema-validator-3.0.2.tgz",
			"integrity": "sha1-80b+2gEaKkbmWDjt/weTPEdUq74=",
			"requires": {
				"ajv": "^6.5.2",
				"lodash.merge": "^4.6.1",
				"openapi-types": "^1.3.1",
				"swagger-schema-official": "2.0.0-bab6bed"
			}
		},
		"openapi-types": {
			"version": "1.3.4",
			"resolved": "https://axags.jfrog.io/axags/api/npm/virtual-bcn-node/openapi-types/-/openapi-types-1.3.4.tgz",
			"integrity": "sha1-6MZb4407fUj6hKo9SI0XUF0+MM0="
		},
		"p-cancelable": {
			"version": "1.0.0",
			"resolved": "https://axags.jfrog.io/axags/api/npm/virtual-bcn-node/p-cancelable/-/p-cancelable-1.0.0.tgz",
			"integrity": "sha1-B+nG0iwx+cZ4TLTx4UVKebbZ4tY="
		},
		"path-is-absolute": {
			"version": "1.0.1",
			"resolved": "https://axags.jfrog.io/axags/api/npm/virtual-bcn-node/path-is-absolute/-/path-is-absolute-1.0.1.tgz",
			"integrity": "sha1-F0uSaHNVNP+8es5r9TpanhtcX18="
		},
		"prepend-http": {
			"version": "2.0.0",
			"resolved": "https://axags.jfrog.io/axags/api/npm/virtual-bcn-node/prepend-http/-/prepend-http-2.0.0.tgz",
			"integrity": "sha1-6SQ0v6XqjBn0HN/UAddBo8gZ2Jc="
		},
		"pump": {
			"version": "3.0.0",
			"resolved": "https://axags.jfrog.io/axags/api/npm/virtual-bcn-node/pump/-/pump-3.0.0.tgz",
			"integrity": "sha1-tKIRaBW94vTh6mAjVOjHVWUQemQ=",
			"requires": {
				"end-of-stream": "^1.1.0",
				"once": "^1.3.1"
			}
		},
		"punycode": {
			"version": "2.1.1",
			"resolved": "https://axags.jfrog.io/axags/api/npm/virtual-bcn-node/punycode/-/punycode-2.1.1.tgz",
			"integrity": "sha1-tYsBCsQMIsVldhbI0sLALHv0eew="
		},
		"responselike": {
			"version": "1.0.2",
			"resolved": "https://axags.jfrog.io/axags/api/npm/virtual-bcn-node/responselike/-/responselike-1.0.2.tgz",
			"integrity": "sha1-kYcg7ztjHFZCvgaPFa3lpG9Loec=",
			"requires": {
				"lowercase-keys": "^1.0.0"
			}
		},
		"shallow-clone": {
			"version": "0.1.2",
			"resolved": "https://axags.jfrog.io/axags/api/npm/virtual-bcn-node/shallow-clone/-/shallow-clone-0.1.2.tgz",
			"integrity": "sha1-WQnodLp3EG1zrEFM/sH/yofZcGA=",
			"requires": {
				"is-extendable": "^0.1.1",
				"kind-of": "^2.0.1",
				"lazy-cache": "^0.2.3",
				"mixin-object": "^2.0.1"
			},
			"dependencies": {
				"kind-of": {
					"version": "2.0.1",
					"resolved": "https://axags.jfrog.io/axags/api/npm/virtual-bcn-node/kind-of/-/kind-of-2.0.1.tgz",
					"integrity": "sha1-AY7HpM5+OobLkUG+UZ0kyPqpgbU=",
					"requires": {
						"is-buffer": "^1.0.2"
					}
				},
				"lazy-cache": {
					"version": "0.2.7",
					"resolved": "https://axags.jfrog.io/axags/api/npm/virtual-bcn-node/lazy-cache/-/lazy-cache-0.2.7.tgz",
					"integrity": "sha1-f+3fLctu23fRHvHRF6tf/fCrG2U="
				}
			}
		},
		"stjs": {
			"version": "0.0.5",
			"resolved": "https://axags.jfrog.io/axags/api/npm/virtual-bcn-node/stjs/-/stjs-0.0.5.tgz",
			"integrity": "sha1-PllGRcy0H7l7gLJ5CT4vnk+xc44="
		},
		"supports-color": {
			"version": "5.5.0",
			"resolved": "https://axags.jfrog.io/axags/api/npm/virtual-bcn-node/supports-color/-/supports-color-5.5.0.tgz",
			"integrity": "sha1-4uaaRKyHcveKHsCzW2id9lMO/I8=",
			"requires": {
				"has-flag": "^3.0.0"
			}
		},
		"swagger-schema-official": {
			"version": "2.0.0-bab6bed",
			"resolved": "https://axags.jfrog.io/axags/api/npm/virtual-bcn-node/swagger-schema-official/-/swagger-schema-official-2.0.0-bab6bed.tgz",
			"integrity": "sha1-cAcEaNbSl3ylI3suUZyn0Gouo/0="
		},
		"to-readable-stream": {
			"version": "1.0.0",
			"resolved": "https://axags.jfrog.io/axags/api/npm/virtual-bcn-node/to-readable-stream/-/to-readable-stream-1.0.0.tgz",
			"integrity": "sha1-zgqgwvPfat+FLvtASng+d8BHV3E="
		},
		"uri-js": {
			"version": "4.2.2",
			"resolved": "https://axags.jfrog.io/axags/api/npm/virtual-bcn-node/uri-js/-/uri-js-4.2.2.tgz",
			"integrity": "sha1-lMVA4f93KVbiKZUHwBCupsiDjrA=",
			"requires": {
				"punycode": "^2.1.0"
			}
		},
		"url-parse-lax": {
			"version": "3.0.0",
			"resolved": "https://axags.jfrog.io/axags/api/npm/virtual-bcn-node/url-parse-lax/-/url-parse-lax-3.0.0.tgz",
			"integrity": "sha1-FrXK/Afb42dsGxmZF3gj1lA6yww=",
			"requires": {
				"prepend-http": "^2.0.0"
			}
		},
		"wrappy": {
			"version": "1.0.2",
			"resolved": "https://axags.jfrog.io/axags/api/npm/virtual-bcn-node/wrappy/-/wrappy-1.0.2.tgz",
			"integrity": "sha1-tSQ9jz7BqjXxNkYFvA0QNuMKtp8="
		}
	}
}
