{
  "name": "multipart-request-builder",
  "version": "0.0.0",
  "lockfileVersion": 1,
  "requires": true,
  "dependencies": {
    "is-stream": {
      "version": "1.1.0",
      "resolved": "https://axags.jfrog.io/axags/api/npm/virtual-bcn-node/is-stream/-/is-stream-1.1.0.tgz",
      "integrity": "sha1-EtSj3U5o4Lec6428hBc66A2RykQ="
    }
  }
}
